
Microsoft Visual Studio Solution File, Format Version 12.00
# Visual Studio Version 16
VisualStudioVersion = 16.0.30204.135
MinimumVisualStudioVersion = 10.0.40219.1
Project("{FAE04EC0-301F-11D3-BF4B-00C04F79EFBC}") = "Sistema_envios.Web", "Sistema_envios\Sistema_envios.Web.csproj", "{991F85F7-C036-45BC-9446-A69C8B3E5336}"
EndProject
Project("{FAE04EC0-301F-11D3-BF4B-00C04F79EFBC}") = "Sistema_envios.Entidades", "Entidades\Sistema_envios.Entidades.csproj", "{4CD27FDE-5459-41C5-BC94-0E345039FCF8}"
EndProject
Project("{FAE04EC0-301F-11D3-BF4B-00C04F79EFBC}") = "Sistema_envios.BD", "Sistema_enviosBD\Sistema_envios.BD.csproj", "{9DF28D8C-BF49-45E0-924D-6ADBA73045E9}"
EndProject
Project("{FAE04EC0-301F-11D3-BF4B-00C04F79EFBC}") = "Pedidos.Negocio", "Pedidos.Negocio\Pedidos.Negocio.csproj", "{34E55DD5-C0A0-47E5-A2F4-F4455322F25B}"
EndProject
Project("{FAE04EC0-301F-11D3-BF4B-00C04F79EFBC}") = "Sistema_envios.FuncionesAuxiliares", "Sistema_envios.FuncionesAuxiliares\Sistema_envios.FuncionesAuxiliares.csproj", "{05FBB5C3-E8D3-4946-9002-0E728CA946F1}"
EndProject
Global
	GlobalSection(SolutionConfigurationPlatforms) = preSolution
		Debug|Any CPU = Debug|Any CPU
		Release|Any CPU = Release|Any CPU
	EndGlobalSection
	GlobalSection(ProjectConfigurationPlatforms) = postSolution
		{991F85F7-C036-45BC-9446-A69C8B3E5336}.Debug|Any CPU.ActiveCfg = Debug|Any CPU
		{991F85F7-C036-45BC-9446-A69C8B3E5336}.Debug|Any CPU.Build.0 = Debug|Any CPU
		{991F85F7-C036-45BC-9446-A69C8B3E5336}.Release|Any CPU.ActiveCfg = Release|Any CPU
		{991F85F7-C036-45BC-9446-A69C8B3E5336}.Release|Any CPU.Build.0 = Release|Any CPU
		{4CD27FDE-5459-41C5-BC94-0E345039FCF8}.Debug|Any CPU.ActiveCfg = Debug|Any CPU
		{4CD27FDE-5459-41C5-BC94-0E345039FCF8}.Debug|Any CPU.Build.0 = Debug|Any CPU
		{4CD27FDE-5459-41C5-BC94-0E345039FCF8}.Release|Any CPU.ActiveCfg = Release|Any CPU
		{4CD27FDE-5459-41C5-BC94-0E345039FCF8}.Release|Any CPU.Build.0 = Release|Any CPU
		{9DF28D8C-BF49-45E0-924D-6ADBA73045E9}.Debug|Any CPU.ActiveCfg = Debug|Any CPU
		{9DF28D8C-BF49-45E0-924D-6ADBA73045E9}.Debug|Any CPU.Build.0 = Debug|Any CPU
		{9DF28D8C-BF49-45E0-924D-6ADBA73045E9}.Release|Any CPU.ActiveCfg = Release|Any CPU
		{9DF28D8C-BF49-45E0-924D-6ADBA73045E9}.Release|Any CPU.Build.0 = Release|Any CPU
		{34E55DD5-C0A0-47E5-A2F4-F4455322F25B}.Debug|Any CPU.ActiveCfg = Debug|Any CPU
		{34E55DD5-C0A0-47E5-A2F4-F4455322F25B}.Debug|Any CPU.Build.0 = Debug|Any CPU
		{34E55DD5-C0A0-47E5-A2F4-F4455322F25B}.Release|Any CPU.ActiveCfg = Release|Any CPU
		{34E55DD5-C0A0-47E5-A2F4-F4455322F25B}.Release|Any CPU.Build.0 = Release|Any CPU
		{05FBB5C3-E8D3-4946-9002-0E728CA946F1}.Debug|Any CPU.ActiveCfg = Debug|Any CPU
		{05FBB5C3-E8D3-4946-9002-0E728CA946F1}.Debug|Any CPU.Build.0 = Debug|Any CPU
		{05FBB5C3-E8D3-4946-9002-0E728CA946F1}.Release|Any CPU.ActiveCfg = Release|Any CPU
		{05FBB5C3-E8D3-4946-9002-0E728CA946F1}.Release|Any CPU.Build.0 = Release|Any CPU
	EndGlobalSection
	GlobalSection(SolutionProperties) = preSolution
		HideSolutionNode = FALSE
	EndGlobalSection
	GlobalSection(ExtensibilityGlobals) = postSolution
		SolutionGuid = {EEB878E1-E1F1-453B-B109-304EDB999C77}
	EndGlobalSection
EndGlobal
